
Microsoft Visual Studio Solution File, Format Version 12.00
# Visual Studio Version 16
VisualStudioVersion = 16.0.29926.136
MinimumVisualStudioVersion = 10.0.40219.1
Project("{F184B08F-C81C-45F6-A57F-5ABD9991F28F}") = "DemoClase4", "DemoClase4\DemoClase4.vbproj", "{6193F080-9636-4B67-9135-C2A45154DAF1}"
EndProject
Global
	GlobalSection(SolutionConfigurationPlatforms) = preSolution
		Debug|Any CPU = Debug|Any CPU
		Release|Any CPU = Release|Any CPU
	EndGlobalSection
	GlobalSection(ProjectConfigurationPlatforms) = postSolution
		{6193F080-9636-4B67-9135-C2A45154DAF1}.Debug|Any CPU.ActiveCfg = Debug|Any CPU
		{6193F080-9636-4B67-9135-C2A45154DAF1}.Debug|Any CPU.Build.0 = Debug|Any CPU
		{6193F080-9636-4B67-9135-C2A45154DAF1}.Release|Any CPU.ActiveCfg = Release|Any CPU
		{6193F080-9636-4B67-9135-C2A45154DAF1}.Release|Any CPU.Build.0 = Release|Any CPU
	EndGlobalSection
	GlobalSection(SolutionProperties) = preSolution
		HideSolutionNode = FALSE
	EndGlobalSection
	GlobalSection(ExtensibilityGlobals) = postSolution
		SolutionGuid = {A3038C88-BFA6-4DEB-AA21-3CBC2BF99C2B}
	EndGlobalSection
EndGlobal
